
Microsoft Visual Studio Solution File, Format Version 12.00
# Visual Studio Version 17
VisualStudioVersion = 17.1.32319.34
MinimumVisualStudioVersion = 10.0.40219.1
Project("{9A19103F-16F7-4668-BE54-9A1E7A4F7556}") = "BulkyBookWeb", "BulkyWeb\BulkyBookWeb.csproj", "{0B5D8F55-154F-43A2-A46F-D75AB5480DC2}"
EndProject
Project("{9A19103F-16F7-4668-BE54-9A1E7A4F7556}") = "BulkyBook.DataAccess", "Bulky.DataAccess\BulkyBook.DataAccess.csproj", "{9FDFD0AB-D7BB-4705-8234-DB64FBECBEDB}"
EndProject
Project("{9A19103F-16F7-4668-BE54-9A1E7A4F7556}") = "BulkyBook.Models", "Bulky.Models\BulkyBook.Models.csproj", "{5A66A120-7AE8-47A1-974E-188678108C52}"
EndProject
Project("{9A19103F-16F7-4668-BE54-9A1E7A4F7556}") = "BulkyBook.Utility", "Bulky.Utility\BulkyBook.Utility.csproj", "{8D166B2F-FB32-43C9-981B-B79F2801F7AB}"
EndProject
Global
	GlobalSection(SolutionConfigurationPlatforms) = preSolution
		Debug|Any CPU = Debug|Any CPU
		Release|Any CPU = Release|Any CPU
	EndGlobalSection
	GlobalSection(ProjectConfigurationPlatforms) = postSolution
		{0B5D8F55-154F-43A2-A46F-D75AB5480DC2}.Debug|Any CPU.ActiveCfg = Debug|Any CPU
		{0B5D8F55-154F-43A2-A46F-D75AB5480DC2}.Debug|Any CPU.Build.0 = Debug|Any CPU
		{0B5D8F55-154F-43A2-A46F-D75AB5480DC2}.Release|Any CPU.ActiveCfg = Release|Any CPU
		{0B5D8F55-154F-43A2-A46F-D75AB5480DC2}.Release|Any CPU.Build.0 = Release|Any CPU
		{9FDFD0AB-D7BB-4705-8234-DB64FBECBEDB}.Debug|Any CPU.ActiveCfg = Debug|Any CPU
		{9FDFD0AB-D7BB-4705-8234-DB64FBECBEDB}.Debug|Any CPU.Build.0 = Debug|Any CPU
		{9FDFD0AB-D7BB-4705-8234-DB64FBECBEDB}.Release|Any CPU.ActiveCfg = Release|Any CPU
		{9FDFD0AB-D7BB-4705-8234-DB64FBECBEDB}.Release|Any CPU.Build.0 = Release|Any CPU
		{5A66A120-7AE8-47A1-974E-188678108C52}.Debug|Any CPU.ActiveCfg = Debug|Any CPU
		{5A66A120-7AE8-47A1-974E-188678108C52}.Debug|Any CPU.Build.0 = Debug|Any CPU
		{5A66A120-7AE8-47A1-974E-188678108C52}.Release|Any CPU.ActiveCfg = Release|Any CPU
		{5A66A120-7AE8-47A1-974E-188678108C52}.Release|Any CPU.Build.0 = Release|Any CPU
		{8D166B2F-FB32-43C9-981B-B79F2801F7AB}.Debug|Any CPU.ActiveCfg = Debug|Any CPU
		{8D166B2F-FB32-43C9-981B-B79F2801F7AB}.Debug|Any CPU.Build.0 = Debug|Any CPU
		{8D166B2F-FB32-43C9-981B-B79F2801F7AB}.Release|Any CPU.ActiveCfg = Release|Any CPU
		{8D166B2F-FB32-43C9-981B-B79F2801F7AB}.Release|Any CPU.Build.0 = Release|Any CPU
	EndGlobalSection
	GlobalSection(SolutionProperties) = preSolution
		HideSolutionNode = FALSE
	EndGlobalSection
	GlobalSection(ExtensibilityGlobals) = postSolution
		SolutionGuid = {BB74DD4D-C9F7-410A-96F1-5CBBB166F8CA}
	EndGlobalSection
EndGlobal
